
Microsoft Visual Studio Solution File, Format Version 12.00
# Visual Studio 15
VisualStudioVersion = 15.0.28010.2016
MinimumVisualStudioVersion = 10.0.40219.1
Project("{FAE04EC0-301F-11D3-BF4B-00C04F79EFBC}") = "OMEGA", "WindowsFormsApp5\OMEGA.csproj", "{A19E34AD-660B-4004-9F62-FB9B9953A813}"
EndProject
Global
	GlobalSection(SolutionConfigurationPlatforms) = preSolution
		Debug|Any CPU = Debug|Any CPU
		Release|Any CPU = Release|Any CPU
	EndGlobalSection
	GlobalSection(ProjectConfigurationPlatforms) = postSolution
		{A19E34AD-660B-4004-9F62-FB9B9953A813}.Debug|Any CPU.ActiveCfg = Debug|Any CPU
		{A19E34AD-660B-4004-9F62-FB9B9953A813}.Debug|Any CPU.Build.0 = Debug|Any CPU
		{A19E34AD-660B-4004-9F62-FB9B9953A813}.Release|Any CPU.ActiveCfg = Release|Any CPU
		{A19E34AD-660B-4004-9F62-FB9B9953A813}.Release|Any CPU.Build.0 = Release|Any CPU
	EndGlobalSection
	GlobalSection(SolutionProperties) = preSolution
		HideSolutionNode = FALSE
	EndGlobalSection
	GlobalSection(ExtensibilityGlobals) = postSolution
		SolutionGuid = {AB92D2C7-B871-4B73-AD3F-845838C99439}
	EndGlobalSection
EndGlobal
